
Microsoft Visual Studio Solution File, Format Version 12.00
# Visual Studio Version 16
VisualStudioVersion = 16.0.31019.35
MinimumVisualStudioVersion = 10.0.40219.1
Project("{2150E333-8FDC-42A3-9474-1A3956D46DE8}") = "Services", "Services", "{9F9ED98A-6BD9-4D8F-98AC-F5C5E0671037}"
EndProject
Project("{2150E333-8FDC-42A3-9474-1A3956D46DE8}") = "Catalog", "Catalog", "{E4FCFD0C-9E3D-4B69-AC39-DA4E8D8A2525}"
EndProject
Project("{9A19103F-16F7-4668-BE54-9A1E7A4F7556}") = "FreeCourse.Services.Catalog", "Services\Catalog\FreeCourse.Services.Catalog\FreeCourse.Services.Catalog.csproj", "{CB3997EF-C7D7-4DE9-9CAD-C98742722032}"
EndProject
Project("{2150E333-8FDC-42A3-9474-1A3956D46DE8}") = "Solution Items", "Solution Items", "{483D9788-77DE-4C25-8809-38C283B4111D}"
	ProjectSection(SolutionItems) = preProject
		Ports.txt = Ports.txt
	EndProjectSection
EndProject
Project("{2150E333-8FDC-42A3-9474-1A3956D46DE8}") = "Shared", "Shared", "{FD2C05BA-47E3-475C-929D-F3BA3027E2C5}"
EndProject
Project("{2150E333-8FDC-42A3-9474-1A3956D46DE8}") = "IdentityServer", "IdentityServer", "{2CA19BFD-ABF2-4DEF-96E0-7A002B41E6EE}"
EndProject
Project("{2150E333-8FDC-42A3-9474-1A3956D46DE8}") = "Basket", "Basket", "{814D45CF-7CE6-4639-9BDA-D28D11FC589B}"
EndProject
Project("{9A19103F-16F7-4668-BE54-9A1E7A4F7556}") = "FreeCourse.Services.Basket", "Services\Basket\FreeCourse.Services.Basket\FreeCourse.Services.Basket.csproj", "{5DAECE2A-F14B-489F-B21A-B740849BC5A7}"
EndProject
Project("{2150E333-8FDC-42A3-9474-1A3956D46DE8}") = "Discount", "Discount", "{168C273B-AF24-4E2A-9681-F839B751158D}"
EndProject
Project("{9A19103F-16F7-4668-BE54-9A1E7A4F7556}") = "FreeCourse.Services.Discount", "Services\Discount\FreeCourse.Services.Discount\FreeCourse.Services.Discount.csproj", "{D23011CF-D578-4BA5-9712-C34BA6230F91}"
EndProject
Project("{2150E333-8FDC-42A3-9474-1A3956D46DE8}") = "FakePayment", "FakePayment", "{7517A5A2-8B75-4D8C-B3DC-1C1E53C1CAC9}"
EndProject
Project("{9A19103F-16F7-4668-BE54-9A1E7A4F7556}") = "FreeCourse.Services.FakePayment", "Services\FakePayment\FreeCourse.Services.FakePayment\FreeCourse.Services.FakePayment.csproj", "{C55DF4BA-1260-4232-8ADA-3531CA46AFDC}"
EndProject
Project("{2150E333-8FDC-42A3-9474-1A3956D46DE8}") = "Order", "Order", "{EA078EEC-F85A-44AE-AD18-478DE2E65017}"
EndProject
Project("{9A19103F-16F7-4668-BE54-9A1E7A4F7556}") = "FreeCourse.Services.Order.API", "Services\Order\FreeCourse.Services.Order.API\FreeCourse.Services.Order.API.csproj", "{46201514-E99F-4E71-9D4E-2E346FA7EEB9}"
EndProject
Project("{9A19103F-16F7-4668-BE54-9A1E7A4F7556}") = "FreeCourse.Services.Order.Application", "Services\Order\FreeCourse.Services.Order.Application\FreeCourse.Services.Order.Application.csproj", "{1EFBD51F-E947-4672-8FD6-F25393930FDC}"
EndProject
Project("{9A19103F-16F7-4668-BE54-9A1E7A4F7556}") = "FreeCourse.Services.Order.Domain", "Services\Order\FreeCourse.Services.Order.Domain\FreeCourse.Services.Order.Domain.csproj", "{7C78B688-427C-4174-B67B-8E154D580A27}"
EndProject
Project("{9A19103F-16F7-4668-BE54-9A1E7A4F7556}") = "FreeCourse.Services.Order.Domain.Core", "Services\Order\FreeCourse.Services.Order.Domain.Core\FreeCourse.Services.Order.Domain.Core.csproj", "{5B68D60E-F400-46FC-85AF-0F312E1AC6B9}"
EndProject
Project("{9A19103F-16F7-4668-BE54-9A1E7A4F7556}") = "FreeCourse.Services.Order.Infrastructure", "Services\Order\FreeCourse.Services.Order.Infrastructure\FreeCourse.Services.Order.Infrastructure.csproj", "{87C52C10-16AB-4F3D-87F7-7C80A9551CD8}"
EndProject
Project("{2150E333-8FDC-42A3-9474-1A3956D46DE8}") = "PhotoStock", "PhotoStock", "{7244B2B6-AAB0-4CA8-A578-536CFD4EF3E8}"
EndProject
Project("{9A19103F-16F7-4668-BE54-9A1E7A4F7556}") = "FreeCourse.Services.PhotoStock", "Services\PhotoStock\FreeCourse.Services.PhotoStock\FreeCourse.Services.PhotoStock.csproj", "{060158EB-216F-45E2-967B-704557189C9F}"
EndProject
Project("{2150E333-8FDC-42A3-9474-1A3956D46DE8}") = "FreeCourse.Gateway", "FreeCourse.Gateway", "{7E06FC54-1A46-41B2-899A-87A6BA67DD6D}"
EndProject
Project("{2150E333-8FDC-42A3-9474-1A3956D46DE8}") = "Frontends", "Frontends", "{7421BC1C-6CEE-4419-8B64-AC47D1B39982}"
EndProject
Project("{9A19103F-16F7-4668-BE54-9A1E7A4F7556}") = "FreeCourse.Web", "Frontends\FreeCourse.Web\FreeCourse.Web.csproj", "{7F8417D5-AA6F-4C09-8D5C-CCFBD538C77D}"
EndProject
Project("{9A19103F-16F7-4668-BE54-9A1E7A4F7556}") = "FreeCourse.Shared", "Shared\FreeCourse.Shared\FreeCourse.Shared\FreeCourse.Shared.csproj", "{8D48C447-8462-49D6-90BD-DE0B4C563940}"
EndProject
Project("{9A19103F-16F7-4668-BE54-9A1E7A4F7556}") = "FreeCourse.Gateway", "FreeCourse.Gateway\FreeCourse.Gateway.csproj", "{D6335C22-E4C6-43EA-B5F4-DADF0F05D3BE}"
EndProject
Project("{9A19103F-16F7-4668-BE54-9A1E7A4F7556}") = "FreeCourse.IdentityServer", "IdentityServer\FreeCourse.IdentityServer\FreeCourse.IdentityServer.csproj", "{621E8B66-71BD-4087-A520-17A2663A42D4}"
EndProject
Global
	GlobalSection(SolutionConfigurationPlatforms) = preSolution
		Debug|Any CPU = Debug|Any CPU
		Release|Any CPU = Release|Any CPU
	EndGlobalSection
	GlobalSection(ProjectConfigurationPlatforms) = postSolution
		{CB3997EF-C7D7-4DE9-9CAD-C98742722032}.Debug|Any CPU.ActiveCfg = Debug|Any CPU
		{CB3997EF-C7D7-4DE9-9CAD-C98742722032}.Debug|Any CPU.Build.0 = Debug|Any CPU
		{CB3997EF-C7D7-4DE9-9CAD-C98742722032}.Release|Any CPU.ActiveCfg = Release|Any CPU
		{CB3997EF-C7D7-4DE9-9CAD-C98742722032}.Release|Any CPU.Build.0 = Release|Any CPU
		{5DAECE2A-F14B-489F-B21A-B740849BC5A7}.Debug|Any CPU.ActiveCfg = Debug|Any CPU
		{5DAECE2A-F14B-489F-B21A-B740849BC5A7}.Debug|Any CPU.Build.0 = Debug|Any CPU
		{5DAECE2A-F14B-489F-B21A-B740849BC5A7}.Release|Any CPU.ActiveCfg = Release|Any CPU
		{5DAECE2A-F14B-489F-B21A-B740849BC5A7}.Release|Any CPU.Build.0 = Release|Any CPU
		{D23011CF-D578-4BA5-9712-C34BA6230F91}.Debug|Any CPU.ActiveCfg = Debug|Any CPU
		{D23011CF-D578-4BA5-9712-C34BA6230F91}.Debug|Any CPU.Build.0 = Debug|Any CPU
		{D23011CF-D578-4BA5-9712-C34BA6230F91}.Release|Any CPU.ActiveCfg = Release|Any CPU
		{D23011CF-D578-4BA5-9712-C34BA6230F91}.Release|Any CPU.Build.0 = Release|Any CPU
		{C55DF4BA-1260-4232-8ADA-3531CA46AFDC}.Debug|Any CPU.ActiveCfg = Debug|Any CPU
		{C55DF4BA-1260-4232-8ADA-3531CA46AFDC}.Debug|Any CPU.Build.0 = Debug|Any CPU
		{C55DF4BA-1260-4232-8ADA-3531CA46AFDC}.Release|Any CPU.ActiveCfg = Release|Any CPU
		{C55DF4BA-1260-4232-8ADA-3531CA46AFDC}.Release|Any CPU.Build.0 = Release|Any CPU
		{46201514-E99F-4E71-9D4E-2E346FA7EEB9}.Debug|Any CPU.ActiveCfg = Debug|Any CPU
		{46201514-E99F-4E71-9D4E-2E346FA7EEB9}.Debug|Any CPU.Build.0 = Debug|Any CPU
		{46201514-E99F-4E71-9D4E-2E346FA7EEB9}.Release|Any CPU.ActiveCfg = Release|Any CPU
		{46201514-E99F-4E71-9D4E-2E346FA7EEB9}.Release|Any CPU.Build.0 = Release|Any CPU
		{1EFBD51F-E947-4672-8FD6-F25393930FDC}.Debug|Any CPU.ActiveCfg = Debug|Any CPU
		{1EFBD51F-E947-4672-8FD6-F25393930FDC}.Debug|Any CPU.Build.0 = Debug|Any CPU
		{1EFBD51F-E947-4672-8FD6-F25393930FDC}.Release|Any CPU.ActiveCfg = Release|Any CPU
		{1EFBD51F-E947-4672-8FD6-F25393930FDC}.Release|Any CPU.Build.0 = Release|Any CPU
		{7C78B688-427C-4174-B67B-8E154D580A27}.Debug|Any CPU.ActiveCfg = Debug|Any CPU
		{7C78B688-427C-4174-B67B-8E154D580A27}.Debug|Any CPU.Build.0 = Debug|Any CPU
		{7C78B688-427C-4174-B67B-8E154D580A27}.Release|Any CPU.ActiveCfg = Release|Any CPU
		{7C78B688-427C-4174-B67B-8E154D580A27}.Release|Any CPU.Build.0 = Release|Any CPU
		{5B68D60E-F400-46FC-85AF-0F312E1AC6B9}.Debug|Any CPU.ActiveCfg = Debug|Any CPU
		{5B68D60E-F400-46FC-85AF-0F312E1AC6B9}.Debug|Any CPU.Build.0 = Debug|Any CPU
		{5B68D60E-F400-46FC-85AF-0F312E1AC6B9}.Release|Any CPU.ActiveCfg = Release|Any CPU
		{5B68D60E-F400-46FC-85AF-0F312E1AC6B9}.Release|Any CPU.Build.0 = Release|Any CPU
		{87C52C10-16AB-4F3D-87F7-7C80A9551CD8}.Debug|Any CPU.ActiveCfg = Debug|Any CPU
		{87C52C10-16AB-4F3D-87F7-7C80A9551CD8}.Debug|Any CPU.Build.0 = Debug|Any CPU
		{87C52C10-16AB-4F3D-87F7-7C80A9551CD8}.Release|Any CPU.ActiveCfg = Release|Any CPU
		{87C52C10-16AB-4F3D-87F7-7C80A9551CD8}.Release|Any CPU.Build.0 = Release|Any CPU
		{060158EB-216F-45E2-967B-704557189C9F}.Debug|Any CPU.ActiveCfg = Debug|Any CPU
		{060158EB-216F-45E2-967B-704557189C9F}.Debug|Any CPU.Build.0 = Debug|Any CPU
		{060158EB-216F-45E2-967B-704557189C9F}.Release|Any CPU.ActiveCfg = Release|Any CPU
		{060158EB-216F-45E2-967B-704557189C9F}.Release|Any CPU.Build.0 = Release|Any CPU
		{7F8417D5-AA6F-4C09-8D5C-CCFBD538C77D}.Debug|Any CPU.ActiveCfg = Debug|Any CPU
		{7F8417D5-AA6F-4C09-8D5C-CCFBD538C77D}.Debug|Any CPU.Build.0 = Debug|Any CPU
		{7F8417D5-AA6F-4C09-8D5C-CCFBD538C77D}.Release|Any CPU.ActiveCfg = Release|Any CPU
		{7F8417D5-AA6F-4C09-8D5C-CCFBD538C77D}.Release|Any CPU.Build.0 = Release|Any CPU
		{8D48C447-8462-49D6-90BD-DE0B4C563940}.Debug|Any CPU.ActiveCfg = Debug|Any CPU
		{8D48C447-8462-49D6-90BD-DE0B4C563940}.Debug|Any CPU.Build.0 = Debug|Any CPU
		{8D48C447-8462-49D6-90BD-DE0B4C563940}.Release|Any CPU.ActiveCfg = Release|Any CPU
		{8D48C447-8462-49D6-90BD-DE0B4C563940}.Release|Any CPU.Build.0 = Release|Any CPU
		{D6335C22-E4C6-43EA-B5F4-DADF0F05D3BE}.Debug|Any CPU.ActiveCfg = Debug|Any CPU
		{D6335C22-E4C6-43EA-B5F4-DADF0F05D3BE}.Debug|Any CPU.Build.0 = Debug|Any CPU
		{D6335C22-E4C6-43EA-B5F4-DADF0F05D3BE}.Release|Any CPU.ActiveCfg = Release|Any CPU
		{D6335C22-E4C6-43EA-B5F4-DADF0F05D3BE}.Release|Any CPU.Build.0 = Release|Any CPU
		{621E8B66-71BD-4087-A520-17A2663A42D4}.Debug|Any CPU.ActiveCfg = Debug|Any CPU
		{621E8B66-71BD-4087-A520-17A2663A42D4}.Debug|Any CPU.Build.0 = Debug|Any CPU
		{621E8B66-71BD-4087-A520-17A2663A42D4}.Release|Any CPU.ActiveCfg = Release|Any CPU
		{621E8B66-71BD-4087-A520-17A2663A42D4}.Release|Any CPU.Build.0 = Release|Any CPU
	EndGlobalSection
	GlobalSection(SolutionProperties) = preSolution
		HideSolutionNode = FALSE
	EndGlobalSection
	GlobalSection(NestedProjects) = preSolution
		{E4FCFD0C-9E3D-4B69-AC39-DA4E8D8A2525} = {9F9ED98A-6BD9-4D8F-98AC-F5C5E0671037}
		{CB3997EF-C7D7-4DE9-9CAD-C98742722032} = {E4FCFD0C-9E3D-4B69-AC39-DA4E8D8A2525}
		{814D45CF-7CE6-4639-9BDA-D28D11FC589B} = {9F9ED98A-6BD9-4D8F-98AC-F5C5E0671037}
		{5DAECE2A-F14B-489F-B21A-B740849BC5A7} = {814D45CF-7CE6-4639-9BDA-D28D11FC589B}
		{168C273B-AF24-4E2A-9681-F839B751158D} = {9F9ED98A-6BD9-4D8F-98AC-F5C5E0671037}
		{D23011CF-D578-4BA5-9712-C34BA6230F91} = {168C273B-AF24-4E2A-9681-F839B751158D}
		{7517A5A2-8B75-4D8C-B3DC-1C1E53C1CAC9} = {9F9ED98A-6BD9-4D8F-98AC-F5C5E0671037}
		{C55DF4BA-1260-4232-8ADA-3531CA46AFDC} = {7517A5A2-8B75-4D8C-B3DC-1C1E53C1CAC9}
		{EA078EEC-F85A-44AE-AD18-478DE2E65017} = {9F9ED98A-6BD9-4D8F-98AC-F5C5E0671037}
		{46201514-E99F-4E71-9D4E-2E346FA7EEB9} = {EA078EEC-F85A-44AE-AD18-478DE2E65017}
		{1EFBD51F-E947-4672-8FD6-F25393930FDC} = {EA078EEC-F85A-44AE-AD18-478DE2E65017}
		{7C78B688-427C-4174-B67B-8E154D580A27} = {EA078EEC-F85A-44AE-AD18-478DE2E65017}
		{5B68D60E-F400-46FC-85AF-0F312E1AC6B9} = {EA078EEC-F85A-44AE-AD18-478DE2E65017}
		{87C52C10-16AB-4F3D-87F7-7C80A9551CD8} = {EA078EEC-F85A-44AE-AD18-478DE2E65017}
		{7244B2B6-AAB0-4CA8-A578-536CFD4EF3E8} = {9F9ED98A-6BD9-4D8F-98AC-F5C5E0671037}
		{060158EB-216F-45E2-967B-704557189C9F} = {7244B2B6-AAB0-4CA8-A578-536CFD4EF3E8}
		{7F8417D5-AA6F-4C09-8D5C-CCFBD538C77D} = {7421BC1C-6CEE-4419-8B64-AC47D1B39982}
		{8D48C447-8462-49D6-90BD-DE0B4C563940} = {FD2C05BA-47E3-475C-929D-F3BA3027E2C5}
		{D6335C22-E4C6-43EA-B5F4-DADF0F05D3BE} = {7E06FC54-1A46-41B2-899A-87A6BA67DD6D}
		{621E8B66-71BD-4087-A520-17A2663A42D4} = {2CA19BFD-ABF2-4DEF-96E0-7A002B41E6EE}
	EndGlobalSection
	GlobalSection(ExtensibilityGlobals) = postSolution
		SolutionGuid = {08C3F959-BF79-4C92-9AF9-5A5482B12824}
	EndGlobalSection
EndGlobal
